
Microsoft Visual Studio Solution File, Format Version 12.00
# Visual Studio Version 16
VisualStudioVersion = 16.0.30204.135
MinimumVisualStudioVersion = 10.0.40219.1
Project("{FAE04EC0-301F-11D3-BF4B-00C04F79EFBC}") = "PopulAndDensOfTheCity", "ClassFirstKR\PopulAndDensOfTheCity.csproj", "{B34927BF-BDD1-4B14-B19A-0FB60EBCFF5D}"
EndProject
Global
	GlobalSection(SolutionConfigurationPlatforms) = preSolution
		Debug|Any CPU = Debug|Any CPU
		Release|Any CPU = Release|Any CPU
	EndGlobalSection
	GlobalSection(ProjectConfigurationPlatforms) = postSolution
		{B34927BF-BDD1-4B14-B19A-0FB60EBCFF5D}.Debug|Any CPU.ActiveCfg = Debug|Any CPU
		{B34927BF-BDD1-4B14-B19A-0FB60EBCFF5D}.Debug|Any CPU.Build.0 = Debug|Any CPU
		{B34927BF-BDD1-4B14-B19A-0FB60EBCFF5D}.Release|Any CPU.ActiveCfg = Release|Any CPU
		{B34927BF-BDD1-4B14-B19A-0FB60EBCFF5D}.Release|Any CPU.Build.0 = Release|Any CPU
	EndGlobalSection
	GlobalSection(SolutionProperties) = preSolution
		HideSolutionNode = FALSE
	EndGlobalSection
	GlobalSection(ExtensibilityGlobals) = postSolution
		SolutionGuid = {A7971C9D-D6C5-445D-8520-A2FC2CBD2D3F}
	EndGlobalSection
EndGlobal
